{
  "name": "duckdb-test-alpha19",
  "version": "1.0.0",
  "lockfileVersion": 3,
  "requires": true,
  "packages": {
    "": {
      "name": "duckdb-test-alpha19",
      "version": "1.0.0",
      "dependencies": {
        "@duckdb/node-api": "1.2.2-alpha.19"
      }
    },
    "node_modules/@duckdb/node-api": {
      "version": "1.2.2-alpha.19",
      "resolved": "https://registry.npmjs.org/@duckdb/node-api/-/node-api-1.2.2-alpha.19.tgz",
      "integrity": "sha512-qH/PqK+Kp7TDZJU5SdS9+2jrYOJGHME4NcDsgrcbZk7fKTlXsDI8f8F0CnPxGCsBD35B+BEgphz9TTLoj1/vNA==",
      "dependencies": {
        "@duckdb/node-bindings": "1.2.2-alpha.19"
      }
    },
    "node_modules/@duckdb/node-bindings": {
      "version": "1.2.2-alpha.19",
      "resolved": "https://registry.npmjs.org/@duckdb/node-bindings/-/node-bindings-1.2.2-alpha.19.tgz",
      "integrity": "sha512-EZpUPCPNJaQVmI3jWa/SIrs7lV9SJYS5a1bV3SRSQ6ZBJYFMrr2Mik2RjCVepA9cIwD2KIrXaWV7jiSVM29zJA==",
      "optionalDependencies": {
        "@duckdb/node-bindings-darwin-arm64": "1.2.2-alpha.19",
        "@duckdb/node-bindings-darwin-x64": "1.2.2-alpha.19",
        "@duckdb/node-bindings-linux-arm64": "1.2.2-alpha.19",
        "@duckdb/node-bindings-linux-x64": "1.2.2-alpha.19",
        "@duckdb/node-bindings-win32-x64": "1.2.2-alpha.19"
      }
    },
    "node_modules/@duckdb/node-bindings-darwin-arm64": {
      "version": "1.2.2-alpha.19",
      "resolved": "https://registry.npmjs.org/@duckdb/node-bindings-darwin-arm64/-/node-bindings-darwin-arm64-1.2.2-alpha.19.tgz",
      "integrity": "sha512-r+MDv7XFxl4eCZEthmHWV2mxnczUFVc+w2cH0KzdTWmCgtjT3jpDhEulDekOG9SP9lFvfsTRTRgKatE2TTqu6w==",
      "cpu": [
        "arm64"
      ],
      "optional": true,
      "os": [
        "darwin"
      ]
    },
    "node_modules/@duckdb/node-bindings-darwin-x64": {
      "version": "1.2.2-alpha.19",
      "resolved": "https://registry.npmjs.org/@duckdb/node-bindings-darwin-x64/-/node-bindings-darwin-x64-1.2.2-alpha.19.tgz",
      "integrity": "sha512-WibHtKNQVDFr8AQumML9HLdgkYIRiC0B+MSrLvfojcrYmupoHB0Nwyn/T2UoTXNnTsn3NOrZECHUZGwRFmmF9g==",
      "cpu": [
        "x64"
      ],
      "optional": true,
      "os": [
        "darwin"
      ]
    },
    "node_modules/@duckdb/node-bindings-linux-arm64": {
      "version": "1.2.2-alpha.19",
      "resolved": "https://registry.npmjs.org/@duckdb/node-bindings-linux-arm64/-/node-bindings-linux-arm64-1.2.2-alpha.19.tgz",
      "integrity": "sha512-TfQ/k4YMAsDFpI5Y/nvA7yXs7KqzKsOZX4XzCyqWdfNPDQvheW+wRCxJVUE8kWqniMep62EkvbuX94yFtTZb8A==",
      "cpu": [
        "arm64"
      ],
      "optional": true,
      "os": [
        "linux"
      ]
    },
    "node_modules/@duckdb/node-bindings-linux-x64": {
      "version": "1.2.2-alpha.19",
      "resolved": "https://registry.npmjs.org/@duckdb/node-bindings-linux-x64/-/node-bindings-linux-x64-1.2.2-alpha.19.tgz",
      "integrity": "sha512-KDGD50H/sA/HWZFVuZhZTVZEKB3N8+ZPhHxxPs67p46WNm/fiQ6/FlaLasQ/gEmOY+I3bWcwjrba4h6LhFXnAQ==",
      "cpu": [
        "x64"
      ],
      "optional": true,
      "os": [
        "linux"
      ]
    },
    "node_modules/@duckdb/node-bindings-win32-x64": {
      "version": "1.2.2-alpha.19",
      "resolved": "https://registry.npmjs.org/@duckdb/node-bindings-win32-x64/-/node-bindings-win32-x64-1.2.2-alpha.19.tgz",
      "integrity": "sha512-jsHu/tORVBfJ6QQ02c1vVKEJM6aVSNwwmFtd1G7n9HGjJeE1Wclewpfp3k7R7qU9vxtQtHoAMHeTVsnC2d3ymQ==",
      "cpu": [
        "x64"
      ],
      "optional": true,
      "os": [
        "win32"
      ]
    }
  }
}
