{
  "name": "duckdb-test-alpha18",
  "version": "1.0.0",
  "lockfileVersion": 3,
  "requires": true,
  "packages": {
    "": {
      "name": "duckdb-test-alpha18",
      "version": "1.0.0",
      "dependencies": {
        "@duckdb/node-api": "1.2.2-alpha.18"
      }
    },
    "node_modules/@duckdb/node-api": {
      "version": "1.2.2-alpha.18",
      "resolved": "https://registry.npmjs.org/@duckdb/node-api/-/node-api-1.2.2-alpha.18.tgz",
      "integrity": "sha512-9ke/DF7ZZzj6pzlswF34DDytYUn8fhAe4JdZGEvXpNJxnccf1l1Aisqg0fUtOxZkYrO4ALgSZHR0i3i4RLndUQ==",
      "dependencies": {
        "@duckdb/node-bindings": "1.2.2-alpha.18"
      }
    },
    "node_modules/@duckdb/node-bindings": {
      "version": "1.2.2-alpha.18",
      "resolved": "https://registry.npmjs.org/@duckdb/node-bindings/-/node-bindings-1.2.2-alpha.18.tgz",
      "integrity": "sha512-1O/yBDevwMNGlv559sn3myOds0lM0D4e8ilHsDzOs3rDnpzEdzK6aSTPVG8APjjFjPjk+pEzBxUse7UsP6objA==",
      "optionalDependencies": {
        "@duckdb/node-bindings-darwin-arm64": "1.2.2-alpha.18",
        "@duckdb/node-bindings-darwin-x64": "1.2.2-alpha.18",
        "@duckdb/node-bindings-linux-arm64": "1.2.2-alpha.18",
        "@duckdb/node-bindings-linux-x64": "1.2.2-alpha.18",
        "@duckdb/node-bindings-win32-x64": "1.2.2-alpha.18"
      }
    },
    "node_modules/@duckdb/node-bindings-darwin-arm64": {
      "version": "1.2.2-alpha.18",
      "resolved": "https://registry.npmjs.org/@duckdb/node-bindings-darwin-arm64/-/node-bindings-darwin-arm64-1.2.2-alpha.18.tgz",
      "integrity": "sha512-xNzfi/+swRiA1Rye25f33tKXmFYbyQcslN6bpB3nR/Wkiotjlu3dAc5wvTpUDiiJwNeZRTRdJM/OXtUO0YaAfw==",
      "cpu": [
        "arm64"
      ],
      "optional": true,
      "os": [
        "darwin"
      ]
    },
    "node_modules/@duckdb/node-bindings-darwin-x64": {
      "version": "1.2.2-alpha.18",
      "resolved": "https://registry.npmjs.org/@duckdb/node-bindings-darwin-x64/-/node-bindings-darwin-x64-1.2.2-alpha.18.tgz",
      "integrity": "sha512-9vXgAJ2LFKRa53E7RmvGdhWtisLLPKIpSzeE/L3X4aD5zv1V4YnhYHuMOTgxZguj+eOT1pvG99geH1WQb3DdNQ==",
      "cpu": [
        "x64"
      ],
      "optional": true,
      "os": [
        "darwin"
      ]
    },
    "node_modules/@duckdb/node-bindings-linux-arm64": {
      "version": "1.2.2-alpha.18",
      "resolved": "https://registry.npmjs.org/@duckdb/node-bindings-linux-arm64/-/node-bindings-linux-arm64-1.2.2-alpha.18.tgz",
      "integrity": "sha512-WcgfkPDGRsMcKAVzDhL14BJB1lYD9YY7wEIoPdyXYwkK+c4WT7ublsx7diFqBk/jO0jFYTRmXIqpNyqGT0Lwjg==",
      "cpu": [
        "arm64"
      ],
      "optional": true,
      "os": [
        "linux"
      ]
    },
    "node_modules/@duckdb/node-bindings-linux-x64": {
      "version": "1.2.2-alpha.18",
      "resolved": "https://registry.npmjs.org/@duckdb/node-bindings-linux-x64/-/node-bindings-linux-x64-1.2.2-alpha.18.tgz",
      "integrity": "sha512-dPqVJwpu9SmKxuw7ZfebUzOLBMrZz24UzFXuHX0uwSXZS1ndUuHnqk7SWGcWafNJeDlMKV//uMQke+MGXt2LmQ==",
      "cpu": [
        "x64"
      ],
      "optional": true,
      "os": [
        "linux"
      ]
    },
    "node_modules/@duckdb/node-bindings-win32-x64": {
      "version": "1.2.2-alpha.18",
      "resolved": "https://registry.npmjs.org/@duckdb/node-bindings-win32-x64/-/node-bindings-win32-x64-1.2.2-alpha.18.tgz",
      "integrity": "sha512-0BSRNH3JbvHDYd2LM/25uQlSaXzeJaJvBCJQZoIXttY5vq6stLknfQ9zWADLa8jwFYU+p87Ajqg415zs4SfMFQ==",
      "cpu": [
        "x64"
      ],
      "optional": true,
      "os": [
        "win32"
      ]
    }
  }
}
